// !$*UTF8*$!
{
	archiveVersion = 1;
	classes = {
	};
	objectVersion = 50;
	objects = {

/* Begin PBXBuildFile section */
		6432C5D7295AF72A00C80465 /* AppDelegate.swift in Sources */ = {isa = PBXBuildFile; fileRef = 6432C5D6295AF72A00C80465 /* AppDelegate.swift */; };
		6432C5D9295AF72A00C80465 /* SceneDelegate.swift in Sources */ = {isa = PBXBuildFile; fileRef = 6432C5D8295AF72A00C80465 /* SceneDelegate.swift */; };
		6432C5DB295AF72A00C80465 /* ViewController.swift in Sources */ = {isa = PBXBuildFile; fileRef = 6432C5DA295AF72A00C80465 /* ViewController.swift */; };
		6432C5DE295AF72A00C80465 /* Main.storyboard in Resources */ = {isa = PBXBuildFile; fileRef = 6432C5DC295AF72A00C80465 /* Main.storyboard */; };
		6432C5E1295AF72A00C80465 /* Chapter07_CoreData.xcdatamodeld in Sources */ = {isa = PBXBuildFile; fileRef = 6432C5DF295AF72A00C80465 /* Chapter07_CoreData.xcdatamodeld */; };
		6432C5E3295AF72D00C80465 /* Assets.xcassets in Resources */ = {isa = PBXBuildFile; fileRef = 6432C5E2295AF72D00C80465 /* Assets.xcassets */; };
		6432C5E6295AF72D00C80465 /* LaunchScreen.storyboard in Resources */ = {isa = PBXBuildFile; fileRef = 6432C5E4295AF72D00C80465 /* LaunchScreen.storyboard */; };
		6432C5F0295AF8AF00C80465 /* ListVC.swift in Sources */ = {isa = PBXBuildFile; fileRef = 6432C5EF295AF8AF00C80465 /* ListVC.swift */; };
		643CAD76295B6D6A001FD4AC /* LogVC.swift in Sources */ = {isa = PBXBuildFile; fileRef = 643CAD75295B6D6A001FD4AC /* LogVC.swift */; };
/* End PBXBuildFile section */

/* Begin PBXFileReference section */
		6432C5D3295AF72A00C80465 /* Chapter07-CoreData.app */ = {isa = PBXFileReference; explicitFileType = wrapper.application; includeInIndex = 0; path = "Chapter07-CoreData.app"; sourceTree = BUILT_PRODUCTS_DIR; };
		6432C5D6295AF72A00C80465 /* AppDelegate.swift */ = {isa = PBXFileReference; lastKnownFileType = sourcecode.swift; path = AppDelegate.swift; sourceTree = "<group>"; };
		6432C5D8295AF72A00C80465 /* SceneDelegate.swift */ = {isa = PBXFileReference; lastKnownFileType = sourcecode.swift; path = SceneDelegate.swift; sourceTree = "<group>"; };
		6432C5DA295AF72A00C80465 /* ViewController.swift */ = {isa = PBXFileReference; lastKnownFileType = sourcecode.swift; path = ViewController.swift; sourceTree = "<group>"; };
		6432C5DD295AF72A00C80465 /* Base */ = {isa = PBXFileReference; lastKnownFileType = file.storyboard; name = Base; path = Base.lproj/Main.storyboard; sourceTree = "<group>"; };
		6432C5E0295AF72A00C80465 /* Chapter07_CoreData.xcdatamodel */ = {isa = PBXFileReference; lastKnownFileType = wrapper.xcdatamodel; path = Chapter07_CoreData.xcdatamodel; sourceTree = "<group>"; };
		6432C5E2295AF72D00C80465 /* Assets.xcassets */ = {isa = PBXFileReference; lastKnownFileType = folder.assetcatalog; path = Assets.xcassets; sourceTree = "<group>"; };
		6432C5E5295AF72D00C80465 /* Base */ = {isa = PBXFileReference; lastKnownFileType = file.storyboard; name = Base; path = Base.lproj/LaunchScreen.storyboard; sourceTree = "<group>"; };
		6432C5E7295AF72D00C80465 /* Info.plist */ = {isa = PBXFileReference; lastKnownFileType = text.plist.xml; path = Info.plist; sourceTree = "<group>"; };
		6432C5EF295AF8AF00C80465 /* ListVC.swift */ = {isa = PBXFileReference; lastKnownFileType = sourcecode.swift; path = ListVC.swift; sourceTree = "<group>"; };
		643CAD75295B6D6A001FD4AC /* LogVC.swift */ = {isa = PBXFileReference; lastKnownFileType = sourcecode.swift; path = LogVC.swift; sourceTree = "<group>"; };
/* End PBXFileReference section */

/* Begin PBXFrameworksBuildPhase section */
		6432C5D0295AF72A00C80465 /* Frameworks */ = {
			isa = PBXFrameworksBuildPhase;
			buildActionMask = 2147483647;
			files = (
			);
			runOnlyForDeploymentPostprocessing = 0;
		};
/* End PBXFrameworksBuildPhase section */

/* Begin PBXGroup section */
		6432C5CA295AF72A00C80465 = {
			isa = PBXGroup;
			children = (
				6432C5D5295AF72A00C80465 /* Chapter07-CoreData */,
				6432C5D4295AF72A00C80465 /* Products */,
			);
			sourceTree = "<group>";
		};
		6432C5D4295AF72A00C80465 /* Products */ = {
			isa = PBXGroup;
			children = (
				6432C5D3295AF72A00C80465 /* Chapter07-CoreData.app */,
			);
			name = Products;
			sourceTree = "<group>";
		};
		6432C5D5295AF72A00C80465 /* Chapter07-CoreData */ = {
			isa = PBXGroup;
			children = (
				6432C5D6295AF72A00C80465 /* AppDelegate.swift */,
				6432C5D8295AF72A00C80465 /* SceneDelegate.swift */,
				6432C5DA295AF72A00C80465 /* ViewController.swift */,
				6432C5EF295AF8AF00C80465 /* ListVC.swift */,
				643CAD75295B6D6A001FD4AC /* LogVC.swift */,
				6432C5DC295AF72A00C80465 /* Main.storyboard */,
				6432C5E2295AF72D00C80465 /* Assets.xcassets */,
				6432C5E4295AF72D00C80465 /* LaunchScreen.storyboard */,
				6432C5E7295AF72D00C80465 /* Info.plist */,
				6432C5DF295AF72A00C80465 /* Chapter07_CoreData.xcdatamodeld */,
			);
			path = "Chapter07-CoreData";
			sourceTree = "<group>";
		};
/* End PBXGroup section */

/* Begin PBXNativeTarget section */
		6432C5D2295AF72A00C80465 /* Chapter07-CoreData */ = {
			isa = PBXNativeTarget;
			buildConfigurationList = 6432C5EA295AF72D00C80465 /* Build configuration list for PBXNativeTarget "Chapter07-CoreData" */;
			buildPhases = (
				6432C5CF295AF72A00C80465 /* Sources */,
				6432C5D0295AF72A00C80465 /* Frameworks */,
				6432C5D1295AF72A00C80465 /* Resources */,
			);
			buildRules = (
			);
			dependencies = (
			);
			name = "Chapter07-CoreData";
			productName = "Chapter07-CoreData";
			productReference = 6432C5D3295AF72A00C80465 /* Chapter07-CoreData.app */;
			productType = "com.apple.product-type.application";
		};
/* End PBXNativeTarget section */

/* Begin PBXProject section */
		6432C5CB295AF72A00C80465 /* Project object */ = {
			isa = PBXProject;
			attributes = {
				LastSwiftUpdateCheck = 1230;
				LastUpgradeCheck = 1230;
				TargetAttributes = {
					6432C5D2295AF72A00C80465 = {
						CreatedOnToolsVersion = 12.3;
					};
				};
			};
			buildConfigurationList = 6432C5CE295AF72A00C80465 /* Build configuration list for PBXProject "Chapter07-CoreData" */;
			compatibilityVersion = "Xcode 9.3";
			developmentRegion = en;
			hasScannedForEncodings = 0;
			knownRegions = (
				en,
				Base,
			);
			mainGroup = 6432C5CA295AF72A00C80465;
			productRefGroup = 6432C5D4295AF72A00C80465 /* Products */;
			projectDirPath = "";
			projectRoot = "";
			targets = (
				6432C5D2295AF72A00C80465 /* Chapter07-CoreData */,
			);
		};
/* End PBXProject section */

/* Begin PBXResourcesBuildPhase section */
		6432C5D1295AF72A00C80465 /* Resources */ = {
			isa = PBXResourcesBuildPhase;
			buildActionMask = 2147483647;
			files = (
				6432C5E6295AF72D00C80465 /* LaunchScreen.storyboard in Resources */,
				6432C5E3295AF72D00C80465 /* Assets.xcassets in Resources */,
				6432C5DE295AF72A00C80465 /* Main.storyboard in Resources */,
			);
			runOnlyForDeploymentPostprocessing = 0;
		};
/* End PBXResourcesBuildPhase section */

/* Begin PBXSourcesBuildPhase section */
		6432C5CF295AF72A00C80465 /* Sources */ = {
			isa = PBXSourcesBuildPhase;
			buildActionMask = 2147483647;
			files = (
				6432C5DB295AF72A00C80465 /* ViewController.swift in Sources */,
				643CAD76295B6D6A001FD4AC /* LogVC.swift in Sources */,
				6432C5F0295AF8AF00C80465 /* ListVC.swift in Sources */,
				6432C5D7295AF72A00C80465 /* AppDelegate.swift in Sources */,
				6432C5D9295AF72A00C80465 /* SceneDelegate.swift in Sources */,
				6432C5E1295AF72A00C80465 /* Chapter07_CoreData.xcdatamodeld in Sources */,
			);
			runOnlyForDeploymentPostprocessing = 0;
		};
/* End PBXSourcesBuildPhase section */

/* Begin PBXVariantGroup section */
		6432C5DC295AF72A00C80465 /* Main.storyboard */ = {
			isa = PBXVariantGroup;
			children = (
				6432C5DD295AF72A00C80465 /* Base */,
			);
			name = Main.storyboard;
			sourceTree = "<group>";
		};
		6432C5E4295AF72D00C80465 /* LaunchScreen.storyboard */ = {
			isa = PBXVariantGroup;
			children = (
				6432C5E5295AF72D00C80465 /* Base */,
			);
			name = LaunchScreen.storyboard;
			sourceTree = "<group>";
		};
/* End PBXVariantGroup section */

/* Begin XCBuildConfiguration section */
		6432C5E8295AF72D00C80465 /* Debug */ = {
			isa = XCBuildConfiguration;
			buildSettings = {
				ALWAYS_SEARCH_USER_PATHS = NO;
				CLANG_ANALYZER_NONNULL = YES;
				CLANG_ANALYZER_NUMBER_OBJECT_CONVERSION = YES_AGGRESSIVE;
				CLANG_CXX_LANGUAGE_STANDARD = "gnu++14";
				CLANG_CXX_LIBRARY = "libc++";
				CLANG_ENABLE_MODULES = YES;
				CLANG_ENABLE_OBJC_ARC = YES;
				CLANG_ENABLE_OBJC_WEAK = YES;
				CLANG_WARN_BLOCK_CAPTURE_AUTORELEASING = YES;
				CLANG_WARN_BOOL_CONVERSION = YES;
				CLANG_WARN_COMMA = YES;
				CLANG_WARN_CONSTANT_CONVERSION = YES;
				CLANG_WARN_DEPRECATED_OBJC_IMPLEMENTATIONS = YES;
				CLANG_WARN_DIRECT_OBJC_ISA_USAGE = YES_ERROR;
				CLANG_WARN_DOCUMENTATION_COMMENTS = YES;
				CLANG_WARN_EMPTY_BODY = YES;
				CLANG_WARN_ENUM_CONVERSION = YES;
				CLANG_WARN_INFINITE_RECURSION = YES;
				CLANG_WARN_INT_CONVERSION = YES;
				CLANG_WARN_NON_LITERAL_NULL_CONVERSION = YES;
				CLANG_WARN_OBJC_IMPLICIT_RETAIN_SELF = YES;
				CLANG_WARN_OBJC_LITERAL_CONVERSION = YES;
				CLANG_WARN_OBJC_ROOT_CLASS = YES_ERROR;
				CLANG_WARN_QUOTED_INCLUDE_IN_FRAMEWORK_HEADER = YES;
				CLANG_WARN_RANGE_LOOP_ANALYSIS = YES;
				CLANG_WARN_STRICT_PROTOTYPES = YES;
				CLANG_WARN_SUSPICIOUS_MOVE = YES;
				CLANG_WARN_UNGUARDED_AVAILABILITY = YES_AGGRESSIVE;
				CLANG_WARN_UNREACHABLE_CODE = YES;
				CLANG_WARN__DUPLICATE_METHOD_MATCH = YES;
				COPY_PHASE_STRIP = NO;
				DEBUG_INFORMATION_FORMAT = dwarf;
				ENABLE_STRICT_OBJC_MSGSEND = YES;
				ENABLE_TESTABILITY = YES;
				GCC_C_LANGUAGE_STANDARD = gnu11;
				GCC_DYNAMIC_NO_PIC = NO;
				GCC_NO_COMMON_BLOCKS = YES;
				GCC_OPTIMIZATION_LEVEL = 0;
				GCC_PREPROCESSOR_DEFINITIONS = (
					"DEBUG=1",
					"$(inherited)",
				);
				GCC_WARN_64_TO_32_BIT_CONVERSION = YES;
				GCC_WARN_ABOUT_RETURN_TYPE = YES_ERROR;
				GCC_WARN_UNDECLARED_SELECTOR = YES;
				GCC_WARN_UNINITIALIZED_AUTOS = YES_AGGRESSIVE;
				GCC_WARN_UNUSED_FUNCTION = YES;
				GCC_WARN_UNUSED_VARIABLE = YES;
				IPHONEOS_DEPLOYMENT_TARGET = 14.3;
				MTL_ENABLE_DEBUG_INFO = INCLUDE_SOURCE;
				MTL_FAST_MATH = YES;
				ONLY_ACTIVE_ARCH = YES;
				SDKROOT = iphoneos;
				SWIFT_ACTIVE_COMPILATION_CONDITIONS = DEBUG;
				SWIFT_OPTIMIZATION_LEVEL = "-Onone";
			};
			name = Debug;
		};
		6432C5E9295AF72D00C80465 /* Release */ = {
			isa = XCBuildConfiguration;
			buildSettings = {
				ALWAYS_SEARCH_USER_PATHS = NO;
				CLANG_ANALYZER_NONNULL = YES;
				CLANG_ANALYZER_NUMBER_OBJECT_CONVERSION = YES_AGGRESSIVE;
				CLANG_CXX_LANGUAGE_STANDARD = "gnu++14";
				CLANG_CXX_LIBRARY = "libc++";
				CLANG_ENABLE_MODULES = YES;
				CLANG_ENABLE_OBJC_ARC = YES;
				CLANG_ENABLE_OBJC_WEAK = YES;
				CLANG_WARN_BLOCK_CAPTURE_AUTORELEASING = YES;
				CLANG_WARN_BOOL_CONVERSION = YES;
				CLANG_WARN_COMMA = YES;
				CLANG_WARN_CONSTANT_CONVERSION = YES;
				CLANG_WARN_DEPRECATED_OBJC_IMPLEMENTATIONS = YES;
				CLANG_WARN_DIRECT_OBJC_ISA_USAGE = YES_ERROR;
				CLANG_WARN_DOCUMENTATION_COMMENTS = YES;
				CLANG_WARN_EMPTY_BODY = YES;
				CLANG_WARN_ENUM_CONVERSION = YES;
				CLANG_WARN_INFINITE_RECURSION = YES;
				CLANG_WARN_INT_CONVERSION = YES;
				CLANG_WARN_NON_LITERAL_NULL_CONVERSION = YES;
				CLANG_WARN_OBJC_IMPLICIT_RETAIN_SELF = YES;
				CLANG_WARN_OBJC_LITERAL_CONVERSION = YES;
				CLANG_WARN_OBJC_ROOT_CLASS = YES_ERROR;
				CLANG_WARN_QUOTED_INCLUDE_IN_FRAMEWORK_HEADER = YES;
				CLANG_WARN_RANGE_LOOP_ANALYSIS = YES;
				CLANG_WARN_STRICT_PROTOTYPES = YES;
				CLANG_WARN_SUSPICIOUS_MOVE = YES;
				CLANG_WARN_UNGUARDED_AVAILABILITY = YES_AGGRESSIVE;
				CLANG_WARN_UNREACHABLE_CODE = YES;
				CLANG_WARN__DUPLICATE_METHOD_MATCH = YES;
				COPY_PHASE_STRIP = NO;
				DEBUG_INFORMATION_FORMAT = "dwarf-with-dsym";
				ENABLE_NS_ASSERTIONS = NO;
				ENABLE_STRICT_OBJC_MSGSEND = YES;
				GCC_C_LANGUAGE_STANDARD = gnu11;
				GCC_NO_COMMON_BLOCKS = YES;
				GCC_WARN_64_TO_32_BIT_CONVERSION = YES;
				GCC_WARN_ABOUT_RETURN_TYPE = YES_ERROR;
				GCC_WARN_UNDECLARED_SELECTOR = YES;
				GCC_WARN_UNINITIALIZED_AUTOS = YES_AGGRESSIVE;
				GCC_WARN_UNUSED_FUNCTION = YES;
				GCC_WARN_UNUSED_VARIABLE = YES;
				IPHONEOS_DEPLOYMENT_TARGET = 14.3;
				MTL_ENABLE_DEBUG_INFO = NO;
				MTL_FAST_MATH = YES;
				SDKROOT = iphoneos;
				SWIFT_COMPILATION_MODE = wholemodule;
				SWIFT_OPTIMIZATION_LEVEL = "-O";
				VALIDATE_PRODUCT = YES;
			};
			name = Release;
		};
		6432C5EB295AF72D00C80465 /* Debug */ = {
			isa = XCBuildConfiguration;
			buildSettings = {
				ASSETCATALOG_COMPILER_APPICON_NAME = AppIcon;
				ASSETCATALOG_COMPILER_GLOBAL_ACCENT_COLOR_NAME = AccentColor;
				CODE_SIGN_STYLE = Automatic;
				INFOPLIST_FILE = "Chapter07-CoreData/Info.plist";
				LD_RUNPATH_SEARCH_PATHS = (
					"$(inherited)",
					"@executable_path/Frameworks",
				);
				PRODUCT_BUNDLE_IDENTIFIER = "com.smtech.Chapter07-CoreData";
				PRODUCT_NAME = "$(TARGET_NAME)";
				SWIFT_VERSION = 5.0;
				TARGETED_DEVICE_FAMILY = 1;
			};
			name = Debug;
		};
		6432C5EC295AF72D00C80465 /* Release */ = {
			isa = XCBuildConfiguration;
			buildSettings = {
				ASSETCATALOG_COMPILER_APPICON_NAME = AppIcon;
				ASSETCATALOG_COMPILER_GLOBAL_ACCENT_COLOR_NAME = AccentColor;
				CODE_SIGN_STYLE = Automatic;
				INFOPLIST_FILE = "Chapter07-CoreData/Info.plist";
				LD_RUNPATH_SEARCH_PATHS = (
					"$(inherited)",
					"@executable_path/Frameworks",
				);
				PRODUCT_BUNDLE_IDENTIFIER = "com.smtech.Chapter07-CoreData";
				PRODUCT_NAME = "$(TARGET_NAME)";
				SWIFT_VERSION = 5.0;
				TARGETED_DEVICE_FAMILY = 1;
			};
			name = Release;
		};
/* End XCBuildConfiguration section */

/* Begin XCConfigurationList section */
		6432C5CE295AF72A00C80465 /* Build configuration list for PBXProject "Chapter07-CoreData" */ = {
			isa = XCConfigurationList;
			buildConfigurations = (
				6432C5E8295AF72D00C80465 /* Debug */,
				6432C5E9295AF72D00C80465 /* Release */,
			);
			defaultConfigurationIsVisible = 0;
			defaultConfigurationName = Release;
		};
		6432C5EA295AF72D00C80465 /* Build configuration list for PBXNativeTarget "Chapter07-CoreData" */ = {
			isa = XCConfigurationList;
			buildConfigurations = (
				6432C5EB295AF72D00C80465 /* Debug */,
				6432C5EC295AF72D00C80465 /* Release */,
			);
			defaultConfigurationIsVisible = 0;
			defaultConfigurationName = Release;
		};
/* End XCConfigurationList section */

/* Begin XCVersionGroup section */
		6432C5DF295AF72A00C80465 /* Chapter07_CoreData.xcdatamodeld */ = {
			isa = XCVersionGroup;
			children = (
				6432C5E0295AF72A00C80465 /* Chapter07_CoreData.xcdatamodel */,
			);
			currentVersion = 6432C5E0295AF72A00C80465 /* Chapter07_CoreData.xcdatamodel */;
			path = Chapter07_CoreData.xcdatamodeld;
			sourceTree = "<group>";
			versionGroupType = wrapper.xcdatamodel;
		};
/* End XCVersionGroup section */
	};
	rootObject = 6432C5CB295AF72A00C80465 /* Project object */;
}
